
Microsoft Visual Studio Solution File, Format Version 12.00
# Visual Studio Version 17
VisualStudioVersion = 17.0.31903.59
MinimumVisualStudioVersion = 10.0.40219.1
Project("{FAE04EC0-301F-11D3-BF4B-00C04F79EFBC}") = "LensHH.CLI", "src\LensHH.CLI\LensHH.CLI.csproj", "{A1B2C3D4-1111-2222-3333-444455557777}"
EndProject
Project("{FAE04EC0-301F-11D3-BF4B-00C04F79EFBC}") = "LensHH.Mcp", "src\LensHH.Mcp\LensHH.Mcp.csproj", "{A1B2C3D4-1111-2222-3333-444455559999}"
EndProject
Project("{2150E333-8FDC-42A3-9474-1A3956D46DE8}") = "src", "src", "{827E0CD3-B72D-47B6-A68D-7590B98EB39B}"
EndProject
Project("{FAE04EC0-301F-11D3-BF4B-00C04F79EFBC}") = "LensHH.IO", "src\LensHH.IO\LensHH.IO.csproj", "{07209C54-FD2C-49C6-B6CC-8ADE18E38C2E}"
EndProject
Project("{FAE04EC0-301F-11D3-BF4B-00C04F79EFBC}") = "LensHH.API", "src\LensHH.API\LensHH.API.csproj", "{DBB3F785-4D7F-47E3-987A-DD9A04D99743}"
EndProject
Project("{2150E333-8FDC-42A3-9474-1A3956D46DE8}") = "tests", "tests", "{0AB3BF05-4346-4AA6-1389-037BE0695223}"
EndProject
Project("{FAE04EC0-301F-11D3-BF4B-00C04F79EFBC}") = "LensHH.API.Tests", "tests\LensHH.API.Tests\LensHH.API.Tests.csproj", "{B345CDE0-C782-49D1-879D-55CAE40CE38B}"
EndProject
Project("{FAE04EC0-301F-11D3-BF4B-00C04F79EFBC}") = "LensHH.CLI.Tests", "tests\LensHH.CLI.Tests\LensHH.CLI.Tests.csproj", "{E0D3FA96-B1B4-4717-AD02-D9B1EBB13E46}"
EndProject
Project("{FAE04EC0-301F-11D3-BF4B-00C04F79EFBC}") = "LensHH.App", "src\LensHH.App\LensHH.App.csproj", "{58106CC5-2F4C-426B-A236-310D7AB790E8}"
EndProject
Project("{FAE04EC0-301F-11D3-BF4B-00C04F79EFBC}") = "LensHH.OllamaBridge", "src\LensHH.OllamaBridge\LensHH.OllamaBridge.csproj", "{CF139D9D-2CCA-44A3-8963-385844F060DB}"
EndProject
Project("{FAE04EC0-301F-11D3-BF4B-00C04F79EFBC}") = "LensHH.Rendering", "src\LensHH.Rendering\LensHH.Rendering.csproj", "{887F807D-7DE1-44A4-884D-612128EACD3E}"
EndProject
Project("{FAE04EC0-301F-11D3-BF4B-00C04F79EFBC}") = "ConfigureLensHHMcp", "src\ConfigureLensHHMcp\ConfigureLensHHMcp.csproj", "{E1637394-164A-4ECF-AB69-989E764A3D3F}"
EndProject
Project("{FAE04EC0-301F-11D3-BF4B-00C04F79EFBC}") = "LensHH.RenderApp", "src\LensHH.RenderApp\LensHH.RenderApp.csproj", "{5AFD46F8-2460-4B79-9131-FE1748204EDB}"
EndProject
Project("{FAE04EC0-301F-11D3-BF4B-00C04F79EFBC}") = "ConfigureOllamaBridge", "src\ConfigureOllamaBridge\ConfigureOllamaBridge.csproj", "{6C9D5E1A-7C4B-4A0E-9F2D-3B1A2C9E0F4D}"
EndProject
Global
	GlobalSection(SolutionConfigurationPlatforms) = preSolution
		Debug|Any CPU = Debug|Any CPU
		Debug|x64 = Debug|x64
		Debug|x86 = Debug|x86
		Release|Any CPU = Release|Any CPU
		Release|x64 = Release|x64
		Release|x86 = Release|x86
	EndGlobalSection
	GlobalSection(ProjectConfigurationPlatforms) = postSolution
		{A1B2C3D4-1111-2222-3333-444455557777}.Debug|Any CPU.ActiveCfg = Debug|Any CPU
		{A1B2C3D4-1111-2222-3333-444455557777}.Debug|Any CPU.Build.0 = Debug|Any CPU
		{A1B2C3D4-1111-2222-3333-444455557777}.Debug|x64.ActiveCfg = Debug|Any CPU
		{A1B2C3D4-1111-2222-3333-444455557777}.Debug|x64.Build.0 = Debug|Any CPU
		{A1B2C3D4-1111-2222-3333-444455557777}.Debug|x86.ActiveCfg = Debug|Any CPU
		{A1B2C3D4-1111-2222-3333-444455557777}.Debug|x86.Build.0 = Debug|Any CPU
		{A1B2C3D4-1111-2222-3333-444455557777}.Release|Any CPU.ActiveCfg = Release|Any CPU
		{A1B2C3D4-1111-2222-3333-444455557777}.Release|Any CPU.Build.0 = Release|Any CPU
		{A1B2C3D4-1111-2222-3333-444455557777}.Release|x64.ActiveCfg = Release|Any CPU
		{A1B2C3D4-1111-2222-3333-444455557777}.Release|x64.Build.0 = Release|Any CPU
		{A1B2C3D4-1111-2222-3333-444455557777}.Release|x86.ActiveCfg = Release|Any CPU
		{A1B2C3D4-1111-2222-3333-444455557777}.Release|x86.Build.0 = Release|Any CPU
		{A1B2C3D4-1111-2222-3333-444455559999}.Debug|Any CPU.ActiveCfg = Debug|Any CPU
		{A1B2C3D4-1111-2222-3333-444455559999}.Debug|Any CPU.Build.0 = Debug|Any CPU
		{A1B2C3D4-1111-2222-3333-444455559999}.Debug|x64.ActiveCfg = Debug|Any CPU
		{A1B2C3D4-1111-2222-3333-444455559999}.Debug|x64.Build.0 = Debug|Any CPU
		{A1B2C3D4-1111-2222-3333-444455559999}.Debug|x86.ActiveCfg = Debug|Any CPU
		{A1B2C3D4-1111-2222-3333-444455559999}.Debug|x86.Build.0 = Debug|Any CPU
		{A1B2C3D4-1111-2222-3333-444455559999}.Release|Any CPU.ActiveCfg = Release|Any CPU
		{A1B2C3D4-1111-2222-3333-444455559999}.Release|Any CPU.Build.0 = Release|Any CPU
		{A1B2C3D4-1111-2222-3333-444455559999}.Release|x64.ActiveCfg = Release|Any CPU
		{A1B2C3D4-1111-2222-3333-444455559999}.Release|x64.Build.0 = Release|Any CPU
		{A1B2C3D4-1111-2222-3333-444455559999}.Release|x86.ActiveCfg = Release|Any CPU
		{A1B2C3D4-1111-2222-3333-444455559999}.Release|x86.Build.0 = Release|Any CPU
		{07209C54-FD2C-49C6-B6CC-8ADE18E38C2E}.Debug|Any CPU.ActiveCfg = Debug|Any CPU
		{07209C54-FD2C-49C6-B6CC-8ADE18E38C2E}.Debug|Any CPU.Build.0 = Debug|Any CPU
		{07209C54-FD2C-49C6-B6CC-8ADE18E38C2E}.Debug|x64.ActiveCfg = Debug|Any CPU
		{07209C54-FD2C-49C6-B6CC-8ADE18E38C2E}.Debug|x64.Build.0 = Debug|Any CPU
		{07209C54-FD2C-49C6-B6CC-8ADE18E38C2E}.Debug|x86.ActiveCfg = Debug|Any CPU
		{07209C54-FD2C-49C6-B6CC-8ADE18E38C2E}.Debug|x86.Build.0 = Debug|Any CPU
		{07209C54-FD2C-49C6-B6CC-8ADE18E38C2E}.Release|Any CPU.ActiveCfg = Release|Any CPU
		{07209C54-FD2C-49C6-B6CC-8ADE18E38C2E}.Release|Any CPU.Build.0 = Release|Any CPU
		{07209C54-FD2C-49C6-B6CC-8ADE18E38C2E}.Release|x64.ActiveCfg = Release|Any CPU
		{07209C54-FD2C-49C6-B6CC-8ADE18E38C2E}.Release|x64.Build.0 = Release|Any CPU
		{07209C54-FD2C-49C6-B6CC-8ADE18E38C2E}.Release|x86.ActiveCfg = Release|Any CPU
		{07209C54-FD2C-49C6-B6CC-8ADE18E38C2E}.Release|x86.Build.0 = Release|Any CPU
		{DBB3F785-4D7F-47E3-987A-DD9A04D99743}.Debug|Any CPU.ActiveCfg = Debug|Any CPU
		{DBB3F785-4D7F-47E3-987A-DD9A04D99743}.Debug|Any CPU.Build.0 = Debug|Any CPU
		{DBB3F785-4D7F-47E3-987A-DD9A04D99743}.Debug|x64.ActiveCfg = Debug|Any CPU
		{DBB3F785-4D7F-47E3-987A-DD9A04D99743}.Debug|x64.Build.0 = Debug|Any CPU
		{DBB3F785-4D7F-47E3-987A-DD9A04D99743}.Debug|x86.ActiveCfg = Debug|Any CPU
		{DBB3F785-4D7F-47E3-987A-DD9A04D99743}.Debug|x86.Build.0 = Debug|Any CPU
		{DBB3F785-4D7F-47E3-987A-DD9A04D99743}.Release|Any CPU.ActiveCfg = Release|Any CPU
		{DBB3F785-4D7F-47E3-987A-DD9A04D99743}.Release|Any CPU.Build.0 = Release|Any CPU
		{DBB3F785-4D7F-47E3-987A-DD9A04D99743}.Release|x64.ActiveCfg = Release|Any CPU
		{DBB3F785-4D7F-47E3-987A-DD9A04D99743}.Release|x64.Build.0 = Release|Any CPU
		{DBB3F785-4D7F-47E3-987A-DD9A04D99743}.Release|x86.ActiveCfg = Release|Any CPU
		{DBB3F785-4D7F-47E3-987A-DD9A04D99743}.Release|x86.Build.0 = Release|Any CPU
		{B345CDE0-C782-49D1-879D-55CAE40CE38B}.Debug|Any CPU.ActiveCfg = Debug|Any CPU
		{B345CDE0-C782-49D1-879D-55CAE40CE38B}.Debug|Any CPU.Build.0 = Debug|Any CPU
		{B345CDE0-C782-49D1-879D-55CAE40CE38B}.Debug|x64.ActiveCfg = Debug|Any CPU
		{B345CDE0-C782-49D1-879D-55CAE40CE38B}.Debug|x64.Build.0 = Debug|Any CPU
		{B345CDE0-C782-49D1-879D-55CAE40CE38B}.Debug|x86.ActiveCfg = Debug|Any CPU
		{B345CDE0-C782-49D1-879D-55CAE40CE38B}.Debug|x86.Build.0 = Debug|Any CPU
		{B345CDE0-C782-49D1-879D-55CAE40CE38B}.Release|Any CPU.ActiveCfg = Release|Any CPU
		{B345CDE0-C782-49D1-879D-55CAE40CE38B}.Release|Any CPU.Build.0 = Release|Any CPU
		{B345CDE0-C782-49D1-879D-55CAE40CE38B}.Release|x64.ActiveCfg = Release|Any CPU
		{B345CDE0-C782-49D1-879D-55CAE40CE38B}.Release|x64.Build.0 = Release|Any CPU
		{B345CDE0-C782-49D1-879D-55CAE40CE38B}.Release|x86.ActiveCfg = Release|Any CPU
		{B345CDE0-C782-49D1-879D-55CAE40CE38B}.Release|x86.Build.0 = Release|Any CPU
		{E0D3FA96-B1B4-4717-AD02-D9B1EBB13E46}.Debug|Any CPU.ActiveCfg = Debug|Any CPU
		{E0D3FA96-B1B4-4717-AD02-D9B1EBB13E46}.Debug|Any CPU.Build.0 = Debug|Any CPU
		{E0D3FA96-B1B4-4717-AD02-D9B1EBB13E46}.Debug|x64.ActiveCfg = Debug|Any CPU
		{E0D3FA96-B1B4-4717-AD02-D9B1EBB13E46}.Debug|x64.Build.0 = Debug|Any CPU
		{E0D3FA96-B1B4-4717-AD02-D9B1EBB13E46}.Debug|x86.ActiveCfg = Debug|Any CPU
		{E0D3FA96-B1B4-4717-AD02-D9B1EBB13E46}.Debug|x86.Build.0 = Debug|Any CPU
		{E0D3FA96-B1B4-4717-AD02-D9B1EBB13E46}.Release|Any CPU.ActiveCfg = Release|Any CPU
		{E0D3FA96-B1B4-4717-AD02-D9B1EBB13E46}.Release|Any CPU.Build.0 = Release|Any CPU
		{E0D3FA96-B1B4-4717-AD02-D9B1EBB13E46}.Release|x64.ActiveCfg = Release|Any CPU
		{E0D3FA96-B1B4-4717-AD02-D9B1EBB13E46}.Release|x64.Build.0 = Release|Any CPU
		{E0D3FA96-B1B4-4717-AD02-D9B1EBB13E46}.Release|x86.ActiveCfg = Release|Any CPU
		{E0D3FA96-B1B4-4717-AD02-D9B1EBB13E46}.Release|x86.Build.0 = Release|Any CPU
		{58106CC5-2F4C-426B-A236-310D7AB790E8}.Debug|Any CPU.ActiveCfg = Debug|Any CPU
		{58106CC5-2F4C-426B-A236-310D7AB790E8}.Debug|Any CPU.Build.0 = Debug|Any CPU
		{58106CC5-2F4C-426B-A236-310D7AB790E8}.Debug|x64.ActiveCfg = Debug|Any CPU
		{58106CC5-2F4C-426B-A236-310D7AB790E8}.Debug|x64.Build.0 = Debug|Any CPU
		{58106CC5-2F4C-426B-A236-310D7AB790E8}.Debug|x86.ActiveCfg = Debug|Any CPU
		{58106CC5-2F4C-426B-A236-310D7AB790E8}.Debug|x86.Build.0 = Debug|Any CPU
		{58106CC5-2F4C-426B-A236-310D7AB790E8}.Release|Any CPU.ActiveCfg = Release|Any CPU
		{58106CC5-2F4C-426B-A236-310D7AB790E8}.Release|Any CPU.Build.0 = Release|Any CPU
		{58106CC5-2F4C-426B-A236-310D7AB790E8}.Release|x64.ActiveCfg = Release|Any CPU
		{58106CC5-2F4C-426B-A236-310D7AB790E8}.Release|x64.Build.0 = Release|Any CPU
		{58106CC5-2F4C-426B-A236-310D7AB790E8}.Release|x86.ActiveCfg = Release|Any CPU
		{58106CC5-2F4C-426B-A236-310D7AB790E8}.Release|x86.Build.0 = Release|Any CPU
		{CF139D9D-2CCA-44A3-8963-385844F060DB}.Debug|Any CPU.ActiveCfg = Debug|Any CPU
		{CF139D9D-2CCA-44A3-8963-385844F060DB}.Debug|Any CPU.Build.0 = Debug|Any CPU
		{CF139D9D-2CCA-44A3-8963-385844F060DB}.Debug|x64.ActiveCfg = Debug|Any CPU
		{CF139D9D-2CCA-44A3-8963-385844F060DB}.Debug|x64.Build.0 = Debug|Any CPU
		{CF139D9D-2CCA-44A3-8963-385844F060DB}.Debug|x86.ActiveCfg = Debug|Any CPU
		{CF139D9D-2CCA-44A3-8963-385844F060DB}.Debug|x86.Build.0 = Debug|Any CPU
		{CF139D9D-2CCA-44A3-8963-385844F060DB}.Release|Any CPU.ActiveCfg = Release|Any CPU
		{CF139D9D-2CCA-44A3-8963-385844F060DB}.Release|Any CPU.Build.0 = Release|Any CPU
		{CF139D9D-2CCA-44A3-8963-385844F060DB}.Release|x64.ActiveCfg = Release|Any CPU
		{CF139D9D-2CCA-44A3-8963-385844F060DB}.Release|x64.Build.0 = Release|Any CPU
		{CF139D9D-2CCA-44A3-8963-385844F060DB}.Release|x86.ActiveCfg = Release|Any CPU
		{CF139D9D-2CCA-44A3-8963-385844F060DB}.Release|x86.Build.0 = Release|Any CPU
		{887F807D-7DE1-44A4-884D-612128EACD3E}.Debug|Any CPU.ActiveCfg = Debug|Any CPU
		{887F807D-7DE1-44A4-884D-612128EACD3E}.Debug|Any CPU.Build.0 = Debug|Any CPU
		{887F807D-7DE1-44A4-884D-612128EACD3E}.Debug|x64.ActiveCfg = Debug|Any CPU
		{887F807D-7DE1-44A4-884D-612128EACD3E}.Debug|x64.Build.0 = Debug|Any CPU
		{887F807D-7DE1-44A4-884D-612128EACD3E}.Debug|x86.ActiveCfg = Debug|Any CPU
		{887F807D-7DE1-44A4-884D-612128EACD3E}.Debug|x86.Build.0 = Debug|Any CPU
		{887F807D-7DE1-44A4-884D-612128EACD3E}.Release|Any CPU.ActiveCfg = Release|Any CPU
		{887F807D-7DE1-44A4-884D-612128EACD3E}.Release|Any CPU.Build.0 = Release|Any CPU
		{887F807D-7DE1-44A4-884D-612128EACD3E}.Release|x64.ActiveCfg = Release|Any CPU
		{887F807D-7DE1-44A4-884D-612128EACD3E}.Release|x64.Build.0 = Release|Any CPU
		{887F807D-7DE1-44A4-884D-612128EACD3E}.Release|x86.ActiveCfg = Release|Any CPU
		{887F807D-7DE1-44A4-884D-612128EACD3E}.Release|x86.Build.0 = Release|Any CPU
		{E1637394-164A-4ECF-AB69-989E764A3D3F}.Debug|Any CPU.ActiveCfg = Debug|Any CPU
		{E1637394-164A-4ECF-AB69-989E764A3D3F}.Debug|Any CPU.Build.0 = Debug|Any CPU
		{E1637394-164A-4ECF-AB69-989E764A3D3F}.Debug|x64.ActiveCfg = Debug|Any CPU
		{E1637394-164A-4ECF-AB69-989E764A3D3F}.Debug|x64.Build.0 = Debug|Any CPU
		{E1637394-164A-4ECF-AB69-989E764A3D3F}.Debug|x86.ActiveCfg = Debug|Any CPU
		{E1637394-164A-4ECF-AB69-989E764A3D3F}.Debug|x86.Build.0 = Debug|Any CPU
		{E1637394-164A-4ECF-AB69-989E764A3D3F}.Release|Any CPU.ActiveCfg = Release|Any CPU
		{E1637394-164A-4ECF-AB69-989E764A3D3F}.Release|Any CPU.Build.0 = Release|Any CPU
		{E1637394-164A-4ECF-AB69-989E764A3D3F}.Release|x64.ActiveCfg = Release|Any CPU
		{E1637394-164A-4ECF-AB69-989E764A3D3F}.Release|x64.Build.0 = Release|Any CPU
		{E1637394-164A-4ECF-AB69-989E764A3D3F}.Release|x86.ActiveCfg = Release|Any CPU
		{E1637394-164A-4ECF-AB69-989E764A3D3F}.Release|x86.Build.0 = Release|Any CPU
		{5AFD46F8-2460-4B79-9131-FE1748204EDB}.Debug|Any CPU.ActiveCfg = Debug|Any CPU
		{5AFD46F8-2460-4B79-9131-FE1748204EDB}.Debug|Any CPU.Build.0 = Debug|Any CPU
		{5AFD46F8-2460-4B79-9131-FE1748204EDB}.Debug|x64.ActiveCfg = Debug|Any CPU
		{5AFD46F8-2460-4B79-9131-FE1748204EDB}.Debug|x64.Build.0 = Debug|Any CPU
		{5AFD46F8-2460-4B79-9131-FE1748204EDB}.Debug|x86.ActiveCfg = Debug|Any CPU
		{5AFD46F8-2460-4B79-9131-FE1748204EDB}.Debug|x86.Build.0 = Debug|Any CPU
		{5AFD46F8-2460-4B79-9131-FE1748204EDB}.Release|Any CPU.ActiveCfg = Release|Any CPU
		{5AFD46F8-2460-4B79-9131-FE1748204EDB}.Release|Any CPU.Build.0 = Release|Any CPU
		{5AFD46F8-2460-4B79-9131-FE1748204EDB}.Release|x64.ActiveCfg = Release|Any CPU
		{5AFD46F8-2460-4B79-9131-FE1748204EDB}.Release|x64.Build.0 = Release|Any CPU
		{5AFD46F8-2460-4B79-9131-FE1748204EDB}.Release|x86.ActiveCfg = Release|Any CPU
		{5AFD46F8-2460-4B79-9131-FE1748204EDB}.Release|x86.Build.0 = Release|Any CPU
		{6C9D5E1A-7C4B-4A0E-9F2D-3B1A2C9E0F4D}.Debug|Any CPU.ActiveCfg = Debug|Any CPU
		{6C9D5E1A-7C4B-4A0E-9F2D-3B1A2C9E0F4D}.Debug|Any CPU.Build.0 = Debug|Any CPU
		{6C9D5E1A-7C4B-4A0E-9F2D-3B1A2C9E0F4D}.Debug|x64.ActiveCfg = Debug|Any CPU
		{6C9D5E1A-7C4B-4A0E-9F2D-3B1A2C9E0F4D}.Debug|x64.Build.0 = Debug|Any CPU
		{6C9D5E1A-7C4B-4A0E-9F2D-3B1A2C9E0F4D}.Debug|x86.ActiveCfg = Debug|Any CPU
		{6C9D5E1A-7C4B-4A0E-9F2D-3B1A2C9E0F4D}.Debug|x86.Build.0 = Debug|Any CPU
		{6C9D5E1A-7C4B-4A0E-9F2D-3B1A2C9E0F4D}.Release|Any CPU.ActiveCfg = Release|Any CPU
		{6C9D5E1A-7C4B-4A0E-9F2D-3B1A2C9E0F4D}.Release|Any CPU.Build.0 = Release|Any CPU
		{6C9D5E1A-7C4B-4A0E-9F2D-3B1A2C9E0F4D}.Release|x64.ActiveCfg = Release|Any CPU
		{6C9D5E1A-7C4B-4A0E-9F2D-3B1A2C9E0F4D}.Release|x64.Build.0 = Release|Any CPU
		{6C9D5E1A-7C4B-4A0E-9F2D-3B1A2C9E0F4D}.Release|x86.ActiveCfg = Release|Any CPU
		{6C9D5E1A-7C4B-4A0E-9F2D-3B1A2C9E0F4D}.Release|x86.Build.0 = Release|Any CPU
	EndGlobalSection
	GlobalSection(SolutionProperties) = preSolution
		HideSolutionNode = FALSE
	EndGlobalSection
	GlobalSection(NestedProjects) = preSolution
		{07209C54-FD2C-49C6-B6CC-8ADE18E38C2E} = {827E0CD3-B72D-47B6-A68D-7590B98EB39B}
		{DBB3F785-4D7F-47E3-987A-DD9A04D99743} = {827E0CD3-B72D-47B6-A68D-7590B98EB39B}
		{B345CDE0-C782-49D1-879D-55CAE40CE38B} = {0AB3BF05-4346-4AA6-1389-037BE0695223}
		{E0D3FA96-B1B4-4717-AD02-D9B1EBB13E46} = {0AB3BF05-4346-4AA6-1389-037BE0695223}
		{58106CC5-2F4C-426B-A236-310D7AB790E8} = {827E0CD3-B72D-47B6-A68D-7590B98EB39B}
		{CF139D9D-2CCA-44A3-8963-385844F060DB} = {827E0CD3-B72D-47B6-A68D-7590B98EB39B}
		{887F807D-7DE1-44A4-884D-612128EACD3E} = {827E0CD3-B72D-47B6-A68D-7590B98EB39B}
		{E1637394-164A-4ECF-AB69-989E764A3D3F} = {827E0CD3-B72D-47B6-A68D-7590B98EB39B}
		{5AFD46F8-2460-4B79-9131-FE1748204EDB} = {827E0CD3-B72D-47B6-A68D-7590B98EB39B}
		{6C9D5E1A-7C4B-4A0E-9F2D-3B1A2C9E0F4D} = {827E0CD3-B72D-47B6-A68D-7590B98EB39B}
	EndGlobalSection
EndGlobal
